
Microsoft Visual Studio Solution File, Format Version 12.00
# Visual Studio Version 17
VisualStudioVersion = 17.2.32526.322
MinimumVisualStudioVersion = 10.0.40219.1
Project("{FAE04EC0-301F-11D3-BF4B-00C04F79EFBC}") = "BankUI", "BankUI\BankUI.csproj", "{7C12BFFC-F481-4676-8D80-6652A09381ED}"
EndProject
Project("{FAE04EC0-301F-11D3-BF4B-00C04F79EFBC}") = "CustomerService", "CustomerService\CustomerService.csproj", "{02F983E7-6A3B-41C7-832F-301BE4E22F83}"
EndProject
Project("{FAE04EC0-301F-11D3-BF4B-00C04F79EFBC}") = "SecurityService_Host", "SecurityService_Host\SecurityService_Host.csproj", "{1E8ABE6F-0D46-495F-AB24-A6C51B263E35}"
EndProject
Project("{FAE04EC0-301F-11D3-BF4B-00C04F79EFBC}") = "SecurityService_LogWriter", "SecurityService_LogWriter\SecurityService_LogWriter.csproj", "{0FBCBC56-1A9C-4C7C-A92C-9C63AE2DD121}"
EndProject
Project("{FAE04EC0-301F-11D3-BF4B-00C04F79EFBC}") = "SecurityService_Logger", "SecurityService_Logger\SecurityService_Logger.csproj", "{5739067F-3C74-4206-BD75-6104E8E3DF49}"
EndProject
Global
	GlobalSection(SolutionConfigurationPlatforms) = preSolution
		Debug|Any CPU = Debug|Any CPU
		Release|Any CPU = Release|Any CPU
	EndGlobalSection
	GlobalSection(ProjectConfigurationPlatforms) = postSolution
		{7C12BFFC-F481-4676-8D80-6652A09381ED}.Debug|Any CPU.ActiveCfg = Debug|Any CPU
		{7C12BFFC-F481-4676-8D80-6652A09381ED}.Debug|Any CPU.Build.0 = Debug|Any CPU
		{7C12BFFC-F481-4676-8D80-6652A09381ED}.Release|Any CPU.ActiveCfg = Release|Any CPU
		{7C12BFFC-F481-4676-8D80-6652A09381ED}.Release|Any CPU.Build.0 = Release|Any CPU
		{02F983E7-6A3B-41C7-832F-301BE4E22F83}.Debug|Any CPU.ActiveCfg = Debug|Any CPU
		{02F983E7-6A3B-41C7-832F-301BE4E22F83}.Debug|Any CPU.Build.0 = Debug|Any CPU
		{02F983E7-6A3B-41C7-832F-301BE4E22F83}.Release|Any CPU.ActiveCfg = Release|Any CPU
		{02F983E7-6A3B-41C7-832F-301BE4E22F83}.Release|Any CPU.Build.0 = Release|Any CPU
		{1E8ABE6F-0D46-495F-AB24-A6C51B263E35}.Debug|Any CPU.ActiveCfg = Debug|Any CPU
		{1E8ABE6F-0D46-495F-AB24-A6C51B263E35}.Debug|Any CPU.Build.0 = Debug|Any CPU
		{1E8ABE6F-0D46-495F-AB24-A6C51B263E35}.Release|Any CPU.ActiveCfg = Release|Any CPU
		{1E8ABE6F-0D46-495F-AB24-A6C51B263E35}.Release|Any CPU.Build.0 = Release|Any CPU
		{0FBCBC56-1A9C-4C7C-A92C-9C63AE2DD121}.Debug|Any CPU.ActiveCfg = Debug|Any CPU
		{0FBCBC56-1A9C-4C7C-A92C-9C63AE2DD121}.Debug|Any CPU.Build.0 = Debug|Any CPU
		{0FBCBC56-1A9C-4C7C-A92C-9C63AE2DD121}.Release|Any CPU.ActiveCfg = Release|Any CPU
		{0FBCBC56-1A9C-4C7C-A92C-9C63AE2DD121}.Release|Any CPU.Build.0 = Release|Any CPU
		{5739067F-3C74-4206-BD75-6104E8E3DF49}.Debug|Any CPU.ActiveCfg = Debug|Any CPU
		{5739067F-3C74-4206-BD75-6104E8E3DF49}.Debug|Any CPU.Build.0 = Debug|Any CPU
		{5739067F-3C74-4206-BD75-6104E8E3DF49}.Release|Any CPU.ActiveCfg = Release|Any CPU
		{5739067F-3C74-4206-BD75-6104E8E3DF49}.Release|Any CPU.Build.0 = Release|Any CPU
	EndGlobalSection
	GlobalSection(SolutionProperties) = preSolution
		HideSolutionNode = FALSE
	EndGlobalSection
	GlobalSection(ExtensibilityGlobals) = postSolution
		SolutionGuid = {033BFD94-1A05-4BD8-A6B1-8BA04A7FB29A}
	EndGlobalSection
EndGlobal
